github.com/ekomanurung/go-say-hello v1.0.0 h1:6m8jhCIqdSthi9TCFYA9XjuXm7usqbRCk7KDIZKz5EM=
github.com/ekomanurung/go-say-hello v1.0.0/go.mod h1:xnN0e9dv7G03j1RLThpU77aXYwsir5Rv7Kq8PHJ50X4=
github.com/ekomanurung/go-say-hello v1.5.0 h1:LGSrjPnumveIeM9ySeyJZnR5ES2FSHlt7yQAE3DBI24=
github.com/ekomanurung/go-say-hello v1.5.0/go.mod h1:xnN0e9dv7G03j1RLThpU77aXYwsir5Rv7Kq8PHJ50X4=
github.com/ekomanurung/go-say-hello/v2 v2.0.0 h1:W93CxIIIATOTwF9fIT5trV4my4ZASFeCHurJCIQiKXs=
github.com/ekomanurung/go-say-hello/v2 v2.0.0/go.mod h1:fRgL3iUelYrrrfhh6C+Y8xzDeA4HYtCy6rW3BfwNVP4=
